
Microsoft Visual Studio Solution File, Format Version 12.00
# Visual Studio Version 17
VisualStudioVersion = 17.1.32421.90
MinimumVisualStudioVersion = 10.0.40219.1
Project("{FAE04EC0-301F-11D3-BF4B-00C04F79EFBC}") = "Exercicio23", "Exercicio23\Exercicio23.csproj", "{ABFE4D09-7094-4194-951E-67CF4CA371A1}"
EndProject
Global
	GlobalSection(SolutionConfigurationPlatforms) = preSolution
		Debug|Any CPU = Debug|Any CPU
		Release|Any CPU = Release|Any CPU
	EndGlobalSection
	GlobalSection(ProjectConfigurationPlatforms) = postSolution
		{ABFE4D09-7094-4194-951E-67CF4CA371A1}.Debug|Any CPU.ActiveCfg = Debug|Any CPU
		{ABFE4D09-7094-4194-951E-67CF4CA371A1}.Debug|Any CPU.Build.0 = Debug|Any CPU
		{ABFE4D09-7094-4194-951E-67CF4CA371A1}.Release|Any CPU.ActiveCfg = Release|Any CPU
		{ABFE4D09-7094-4194-951E-67CF4CA371A1}.Release|Any CPU.Build.0 = Release|Any CPU
	EndGlobalSection
	GlobalSection(SolutionProperties) = preSolution
		HideSolutionNode = FALSE
	EndGlobalSection
	GlobalSection(ExtensibilityGlobals) = postSolution
		SolutionGuid = {70AA1A72-2C82-4E15-83BA-2678929BB454}
	EndGlobalSection
EndGlobal
